// !$*UTF8*$!
{
	archiveVersion = 1;
	classes = {
	};
	objectVersion = 46;
	objects = {

/* Begin PBXBuildFile section */
		B75FE40C1AF2077E00B2773E /* AppDelegate.swift in Sources */ = {isa = PBXBuildFile; fileRef = B75FE40B1AF2077E00B2773E /* AppDelegate.swift */; };
		B75FE4111AF2077E00B2773E /* Main.storyboard in Resources */ = {isa = PBXBuildFile; fileRef = B75FE40F1AF2077E00B2773E /* Main.storyboard */; };
		B75FE4131AF2077E00B2773E /* Images.xcassets in Resources */ = {isa = PBXBuildFile; fileRef = B75FE4121AF2077E00B2773E /* Images.xcassets */; };
		B75FE4161AF2077E00B2773E /* LaunchScreen.xib in Resources */ = {isa = PBXBuildFile; fileRef = B75FE4141AF2077E00B2773E /* LaunchScreen.xib */; };
		B75FE4221AF2077E00B2773E /* TwitterTests.swift in Sources */ = {isa = PBXBuildFile; fileRef = B75FE4211AF2077E00B2773E /* TwitterTests.swift */; };
		B7D787341AF58ACF00C21F53 /* TwitterClient.swift in Sources */ = {isa = PBXBuildFile; fileRef = B7D787331AF58ACF00C21F53 /* TwitterClient.swift */; };
		B7D787361AF5906E00C21F53 /* LoginViewController.swift in Sources */ = {isa = PBXBuildFile; fileRef = B7D787351AF5906E00C21F53 /* LoginViewController.swift */; };
		B7E512F7AC5907C0635AB98A /* libPods-Twitter.a in Frameworks */ = {isa = PBXBuildFile; fileRef = 3C6B60741F7AA18BAB0E024C /* libPods-Twitter.a */; };
/* End PBXBuildFile section */

/* Begin PBXContainerItemProxy section */
		B75FE41C1AF2077E00B2773E /* PBXContainerItemProxy */ = {
			isa = PBXContainerItemProxy;
			containerPortal = B75FE3FE1AF2077E00B2773E /* Project object */;
			proxyType = 1;
			remoteGlobalIDString = B75FE4051AF2077E00B2773E;
			remoteInfo = Twitter;
		};
/* End PBXContainerItemProxy section */

/* Begin PBXFileReference section */
		232A03FB937765BA379E4ACD /* Pods-Twitter.release.xcconfig */ = {isa = PBXFileReference; includeInIndex = 1; lastKnownFileType = text.xcconfig; name = "Pods-Twitter.release.xcconfig"; path = "Pods/Target Support Files/Pods-Twitter/Pods-Twitter.release.xcconfig"; sourceTree = "<group>"; };
		3C6B60741F7AA18BAB0E024C /* libPods-Twitter.a */ = {isa = PBXFileReference; explicitFileType = archive.ar; includeInIndex = 0; path = "libPods-Twitter.a"; sourceTree = BUILT_PRODUCTS_DIR; };
		B75FE4061AF2077E00B2773E /* Twitter.app */ = {isa = PBXFileReference; explicitFileType = wrapper.application; includeInIndex = 0; path = Twitter.app; sourceTree = BUILT_PRODUCTS_DIR; };
		B75FE40A1AF2077E00B2773E /* Info.plist */ = {isa = PBXFileReference; lastKnownFileType = text.plist.xml; path = Info.plist; sourceTree = "<group>"; };
		B75FE40B1AF2077E00B2773E /* AppDelegate.swift */ = {isa = PBXFileReference; lastKnownFileType = sourcecode.swift; path = AppDelegate.swift; sourceTree = "<group>"; };
		B75FE4101AF2077E00B2773E /* Base */ = {isa = PBXFileReference; lastKnownFileType = file.storyboard; name = Base; path = Base.lproj/Main.storyboard; sourceTree = "<group>"; };
		B75FE4121AF2077E00B2773E /* Images.xcassets */ = {isa = PBXFileReference; lastKnownFileType = folder.assetcatalog; path = Images.xcassets; sourceTree = "<group>"; };
		B75FE4151AF2077E00B2773E /* Base */ = {isa = PBXFileReference; lastKnownFileType = file.xib; name = Base; path = Base.lproj/LaunchScreen.xib; sourceTree = "<group>"; };
		B75FE41B1AF2077E00B2773E /* TwitterTests.xctest */ = {isa = PBXFileReference; explicitFileType = wrapper.cfbundle; includeInIndex = 0; path = TwitterTests.xctest; sourceTree = BUILT_PRODUCTS_DIR; };
		B75FE4201AF2077E00B2773E /* Info.plist */ = {isa = PBXFileReference; lastKnownFileType = text.plist.xml; path = Info.plist; sourceTree = "<group>"; };
		B75FE4211AF2077E00B2773E /* TwitterTests.swift */ = {isa = PBXFileReference; lastKnownFileType = sourcecode.swift; path = TwitterTests.swift; sourceTree = "<group>"; };
		B7D7872F1AF589C500C21F53 /* Twitter-Bridging-Header.h */ = {isa = PBXFileReference; lastKnownFileType = sourcecode.c.h; path = "Twitter-Bridging-Header.h"; sourceTree = "<group>"; };
		B7D787331AF58ACF00C21F53 /* TwitterClient.swift */ = {isa = PBXFileReference; fileEncoding = 4; lastKnownFileType = sourcecode.swift; path = TwitterClient.swift; sourceTree = "<group>"; };
		B7D787351AF5906E00C21F53 /* LoginViewController.swift */ = {isa = PBXFileReference; fileEncoding = 4; lastKnownFileType = sourcecode.swift; path = LoginViewController.swift; sourceTree = "<group>"; };
		BA9C9087B9564A8C2B46546D /* Pods-Twitter.debug.xcconfig */ = {isa = PBXFileReference; includeInIndex = 1; lastKnownFileType = text.xcconfig; name = "Pods-Twitter.debug.xcconfig"; path = "Pods/Target Support Files/Pods-Twitter/Pods-Twitter.debug.xcconfig"; sourceTree = "<group>"; };
/* End PBXFileReference section */

/* Begin PBXFrameworksBuildPhase section */
		B75FE4031AF2077E00B2773E /* Frameworks */ = {
			isa = PBXFrameworksBuildPhase;
			buildActionMask = 2147483647;
			files = (
				B7E512F7AC5907C0635AB98A /* libPods-Twitter.a in Frameworks */,
			);
			runOnlyForDeploymentPostprocessing = 0;
		};
		B75FE4181AF2077E00B2773E /* Frameworks */ = {
			isa = PBXFrameworksBuildPhase;
			buildActionMask = 2147483647;
			files = (
			);
			runOnlyForDeploymentPostprocessing = 0;
		};
/* End PBXFrameworksBuildPhase section */

/* Begin PBXGroup section */
		B75FE3FD1AF2077E00B2773E = {
			isa = PBXGroup;
			children = (
				B75FE4081AF2077E00B2773E /* Twitter */,
				B75FE41E1AF2077E00B2773E /* TwitterTests */,
				B75FE4071AF2077E00B2773E /* Products */,
				F87D24E3B98139D9E9209F0E /* Pods */,
				BEB8FC4DEFEC07F881067A93 /* Frameworks */,
			);
			sourceTree = "<group>";
		};
		B75FE4071AF2077E00B2773E /* Products */ = {
			isa = PBXGroup;
			children = (
				B75FE4061AF2077E00B2773E /* Twitter.app */,
				B75FE41B1AF2077E00B2773E /* TwitterTests.xctest */,
			);
			name = Products;
			sourceTree = "<group>";
		};
		B75FE4081AF2077E00B2773E /* Twitter */ = {
			isa = PBXGroup;
			children = (
				B7D787321AF58A7B00C21F53 /* API */,
				B7D7872E1AF5899B00C21F53 /* ViewControllers */,
				B75FE40B1AF2077E00B2773E /* AppDelegate.swift */,
				B75FE40F1AF2077E00B2773E /* Main.storyboard */,
				B75FE4121AF2077E00B2773E /* Images.xcassets */,
				B75FE4141AF2077E00B2773E /* LaunchScreen.xib */,
				B75FE4091AF2077E00B2773E /* Supporting Files */,
				B7D7872F1AF589C500C21F53 /* Twitter-Bridging-Header.h */,
			);
			path = Twitter;
			sourceTree = "<group>";
		};
		B75FE4091AF2077E00B2773E /* Supporting Files */ = {
			isa = PBXGroup;
			children = (
				B75FE40A1AF2077E00B2773E /* Info.plist */,
			);
			name = "Supporting Files";
			sourceTree = "<group>";
		};
		B75FE41E1AF2077E00B2773E /* TwitterTests */ = {
			isa = PBXGroup;
			children = (
				B75FE4211AF2077E00B2773E /* TwitterTests.swift */,
				B75FE41F1AF2077E00B2773E /* Supporting Files */,
			);
			path = TwitterTests;
			sourceTree = "<group>";
		};
		B75FE41F1AF2077E00B2773E /* Supporting Files */ = {
			isa = PBXGroup;
			children = (
				B75FE4201AF2077E00B2773E /* Info.plist */,
			);
			name = "Supporting Files";
			sourceTree = "<group>";
		};
		B7D7872E1AF5899B00C21F53 /* ViewControllers */ = {
			isa = PBXGroup;
			children = (
				B7D787351AF5906E00C21F53 /* LoginViewController.swift */,
			);
			name = ViewControllers;
			sourceTree = "<group>";
		};
		B7D787321AF58A7B00C21F53 /* API */ = {
			isa = PBXGroup;
			children = (
				B7D787331AF58ACF00C21F53 /* TwitterClient.swift */,
			);
			name = API;
			sourceTree = "<group>";
		};
		BEB8FC4DEFEC07F881067A93 /* Frameworks */ = {
			isa = PBXGroup;
			children = (
				3C6B60741F7AA18BAB0E024C /* libPods-Twitter.a */,
			);
			name = Frameworks;
			sourceTree = "<group>";
		};
		F87D24E3B98139D9E9209F0E /* Pods */ = {
			isa = PBXGroup;
			children = (
				BA9C9087B9564A8C2B46546D /* Pods-Twitter.debug.xcconfig */,
				232A03FB937765BA379E4ACD /* Pods-Twitter.release.xcconfig */,
			);
			name = Pods;
			sourceTree = "<group>";
		};
/* End PBXGroup section */

/* Begin PBXNativeTarget section */
		B75FE4051AF2077E00B2773E /* Twitter */ = {
			isa = PBXNativeTarget;
			buildConfigurationList = B75FE4251AF2077E00B2773E /* Build configuration list for PBXNativeTarget "Twitter" */;
			buildPhases = (
				1A5F59F442FAA3B9261BA3FE /* Check Pods Manifest.lock */,
				B75FE4021AF2077E00B2773E /* Sources */,
				B75FE4031AF2077E00B2773E /* Frameworks */,
				B75FE4041AF2077E00B2773E /* Resources */,
				7E52C3A8D99F4B40D4DC1DAC /* Copy Pods Resources */,
			);
			buildRules = (
			);
			dependencies = (
			);
			name = Twitter;
			productName = Twitter;
			productReference = B75FE4061AF2077E00B2773E /* Twitter.app */;
			productType = "com.apple.product-type.application";
		};
		B75FE41A1AF2077E00B2773E /* TwitterTests */ = {
			isa = PBXNativeTarget;
			buildConfigurationList = B75FE4281AF2077E00B2773E /* Build configuration list for PBXNativeTarget "TwitterTests" */;
			buildPhases = (
				B75FE4171AF2077E00B2773E /* Sources */,
				B75FE4181AF2077E00B2773E /* Frameworks */,
				B75FE4191AF2077E00B2773E /* Resources */,
			);
			buildRules = (
			);
			dependencies = (
				B75FE41D1AF2077E00B2773E /* PBXTargetDependency */,
			);
			name = TwitterTests;
			productName = TwitterTests;
			productReference = B75FE41B1AF2077E00B2773E /* TwitterTests.xctest */;
			productType = "com.apple.product-type.bundle.unit-test";
		};
/* End PBXNativeTarget section */

/* Begin PBXProject section */
		B75FE3FE1AF2077E00B2773E /* Project object */ = {
			isa = PBXProject;
			attributes = {
				LastUpgradeCheck = 0630;
				ORGANIZATIONNAME = "Rob Hislop";
				TargetAttributes = {
					B75FE4051AF2077E00B2773E = {
						CreatedOnToolsVersion = 6.3.1;
					};
					B75FE41A1AF2077E00B2773E = {
						CreatedOnToolsVersion = 6.3.1;
						TestTargetID = B75FE4051AF2077E00B2773E;
					};
				};
			};
			buildConfigurationList = B75FE4011AF2077E00B2773E /* Build configuration list for PBXProject "Twitter" */;
			compatibilityVersion = "Xcode 3.2";
			developmentRegion = English;
			hasScannedForEncodings = 0;
			knownRegions = (
				en,
				Base,
			);
			mainGroup = B75FE3FD1AF2077E00B2773E;
			productRefGroup = B75FE4071AF2077E00B2773E /* Products */;
			projectDirPath = "";
			projectRoot = "";
			targets = (
				B75FE4051AF2077E00B2773E /* Twitter */,
				B75FE41A1AF2077E00B2773E /* TwitterTests */,
			);
		};
/* End PBXProject section */

/* Begin PBXResourcesBuildPhase section */
		B75FE4041AF2077E00B2773E /* Resources */ = {
			isa = PBXResourcesBuildPhase;
			buildActionMask = 2147483647;
			files = (
				B75FE4111AF2077E00B2773E /* Main.storyboard in Resources */,
				B75FE4161AF2077E00B2773E /* LaunchScreen.xib in Resources */,
				B75FE4131AF2077E00B2773E /* Images.xcassets in Resources */,
			);
			runOnlyForDeploymentPostprocessing = 0;
		};
		B75FE4191AF2077E00B2773E /* Resources */ = {
			isa = PBXResourcesBuildPhase;
			buildActionMask = 2147483647;
			files = (
			);
			runOnlyForDeploymentPostprocessing = 0;
		};
/* End PBXResourcesBuildPhase section */

/* Begin PBXShellScriptBuildPhase section */
		1A5F59F442FAA3B9261BA3FE /* Check Pods Manifest.lock */ = {
			isa = PBXShellScriptBuildPhase;
			buildActionMask = 2147483647;
			files = (
			);
			inputPaths = (
			);
			name = "Check Pods Manifest.lock";
			outputPaths = (
			);
			runOnlyForDeploymentPostprocessing = 0;
			shellPath = /bin/sh;
			shellScript = "diff \"${PODS_ROOT}/../Podfile.lock\" \"${PODS_ROOT}/Manifest.lock\" > /dev/null\nif [[ $? != 0 ]] ; then\n    cat << EOM\nerror: The sandbox is not in sync with the Podfile.lock. Run 'pod install' or update your CocoaPods installation.\nEOM\n    exit 1\nfi\n";
			showEnvVarsInLog = 0;
		};
		7E52C3A8D99F4B40D4DC1DAC /* Copy Pods Resources */ = {
			isa = PBXShellScriptBuildPhase;
			buildActionMask = 2147483647;
			files = (
			);
			inputPaths = (
			);
			name = "Copy Pods Resources";
			outputPaths = (
			);
			runOnlyForDeploymentPostprocessing = 0;
			shellPath = /bin/sh;
			shellScript = "\"${SRCROOT}/Pods/Target Support Files/Pods-Twitter/Pods-Twitter-resources.sh\"\n";
			showEnvVarsInLog = 0;
		};
/* End PBXShellScriptBuildPhase section */

/* Begin PBXSourcesBuildPhase section */
		B75FE4021AF2077E00B2773E /* Sources */ = {
			isa = PBXSourcesBuildPhase;
			buildActionMask = 2147483647;
			files = (
				B7D787361AF5906E00C21F53 /* LoginViewController.swift in Sources */,
				B7D787341AF58ACF00C21F53 /* TwitterClient.swift in Sources */,
				B75FE40C1AF2077E00B2773E /* AppDelegate.swift in Sources */,
			);
			runOnlyForDeploymentPostprocessing = 0;
		};
		B75FE4171AF2077E00B2773E /* Sources */ = {
			isa = PBXSourcesBuildPhase;
			buildActionMask = 2147483647;
			files = (
				B75FE4221AF2077E00B2773E /* TwitterTests.swift in Sources */,
			);
			runOnlyForDeploymentPostprocessing = 0;
		};
/* End PBXSourcesBuildPhase section */

/* Begin PBXTargetDependency section */
		B75FE41D1AF2077E00B2773E /* PBXTargetDependency */ = {
			isa = PBXTargetDependency;
			target = B75FE4051AF2077E00B2773E /* Twitter */;
			targetProxy = B75FE41C1AF2077E00B2773E /* PBXContainerItemProxy */;
		};
/* End PBXTargetDependency section */

/* Begin PBXVariantGroup section */
		B75FE40F1AF2077E00B2773E /* Main.storyboard */ = {
			isa = PBXVariantGroup;
			children = (
				B75FE4101AF2077E00B2773E /* Base */,
			);
			name = Main.storyboard;
			sourceTree = "<group>";
		};
		B75FE4141AF2077E00B2773E /* LaunchScreen.xib */ = {
			isa = PBXVariantGroup;
			children = (
				B75FE4151AF2077E00B2773E /* Base */,
			);
			name = LaunchScreen.xib;
			sourceTree = "<group>";
		};
/* End PBXVariantGroup section */

/* Begin XCBuildConfiguration section */
		B75FE4231AF2077E00B2773E /* Debug */ = {
			isa = XCBuildConfiguration;
			buildSettings = {
				ALWAYS_SEARCH_USER_PATHS = NO;
				CLANG_CXX_LANGUAGE_STANDARD = "gnu++0x";
				CLANG_CXX_LIBRARY = "libc++";
				CLANG_ENABLE_MODULES = YES;
				CLANG_ENABLE_OBJC_ARC = YES;
				CLANG_WARN_BOOL_CONVERSION = YES;
				CLANG_WARN_CONSTANT_CONVERSION = YES;
				CLANG_WARN_DIRECT_OBJC_ISA_USAGE = YES_ERROR;
				CLANG_WARN_EMPTY_BODY = YES;
				CLANG_WARN_ENUM_CONVERSION = YES;
				CLANG_WARN_INT_CONVERSION = YES;
				CLANG_WARN_OBJC_ROOT_CLASS = YES_ERROR;
				CLANG_WARN_UNREACHABLE_CODE = YES;
				CLANG_WARN__DUPLICATE_METHOD_MATCH = YES;
				"CODE_SIGN_IDENTITY[sdk=iphoneos*]" = "iPhone Developer";
				COPY_PHASE_STRIP = NO;
				DEBUG_INFORMATION_FORMAT = "dwarf-with-dsym";
				ENABLE_STRICT_OBJC_MSGSEND = YES;
				GCC_C_LANGUAGE_STANDARD = gnu99;
				GCC_DYNAMIC_NO_PIC = NO;
				GCC_NO_COMMON_BLOCKS = YES;
				GCC_OPTIMIZATION_LEVEL = 0;
				GCC_PREPROCESSOR_DEFINITIONS = (
					"DEBUG=1",
					"$(inherited)",
				);
				GCC_SYMBOLS_PRIVATE_EXTERN = NO;
				GCC_WARN_64_TO_32_BIT_CONVERSION = YES;
				GCC_WARN_ABOUT_RETURN_TYPE = YES_ERROR;
				GCC_WARN_UNDECLARED_SELECTOR = YES;
				GCC_WARN_UNINITIALIZED_AUTOS = YES_AGGRESSIVE;
				GCC_WARN_UNUSED_FUNCTION = YES;
				GCC_WARN_UNUSED_VARIABLE = YES;
				IPHONEOS_DEPLOYMENT_TARGET = 8.3;
				MTL_ENABLE_DEBUG_INFO = YES;
				ONLY_ACTIVE_ARCH = YES;
				SDKROOT = iphoneos;
				SWIFT_OPTIMIZATION_LEVEL = "-Onone";
				TARGETED_DEVICE_FAMILY = "1,2";
			};
			name = Debug;
		};
		B75FE4241AF2077E00B2773E /* Release */ = {
			isa = XCBuildConfiguration;
			buildSettings = {
				ALWAYS_SEARCH_USER_PATHS = NO;
				CLANG_CXX_LANGUAGE_STANDARD = "gnu++0x";
				CLANG_CXX_LIBRARY = "libc++";
				CLANG_ENABLE_MODULES = YES;
				CLANG_ENABLE_OBJC_ARC = YES;
				CLANG_WARN_BOOL_CONVERSION = YES;
				CLANG_WARN_CONSTANT_CONVERSION = YES;
				CLANG_WARN_DIRECT_OBJC_ISA_USAGE = YES_ERROR;
				CLANG_WARN_EMPTY_BODY = YES;
				CLANG_WARN_ENUM_CONVERSION = YES;
				CLANG_WARN_INT_CONVERSION = YES;
				CLANG_WARN_OBJC_ROOT_CLASS = YES_ERROR;
				CLANG_WARN_UNREACHABLE_CODE = YES;
				CLANG_WARN__DUPLICATE_METHOD_MATCH = YES;
				"CODE_SIGN_IDENTITY[sdk=iphoneos*]" = "iPhone Developer";
				COPY_PHASE_STRIP = NO;
				DEBUG_INFORMATION_FORMAT = "dwarf-with-dsym";
				ENABLE_NS_ASSERTIONS = NO;
				ENABLE_STRICT_OBJC_MSGSEND = YES;
				GCC_C_LANGUAGE_STANDARD = gnu99;
				GCC_NO_COMMON_BLOCKS = YES;
				GCC_WARN_64_TO_32_BIT_CONVERSION = YES;
				GCC_WARN_ABOUT_RETURN_TYPE = YES_ERROR;
				GCC_WARN_UNDECLARED_SELECTOR = YES;
				GCC_WARN_UNINITIALIZED_AUTOS = YES_AGGRESSIVE;
				GCC_WARN_UNUSED_FUNCTION = YES;
				GCC_WARN_UNUSED_VARIABLE = YES;
				IPHONEOS_DEPLOYMENT_TARGET = 8.3;
				MTL_ENABLE_DEBUG_INFO = NO;
				SDKROOT = iphoneos;
				TARGETED_DEVICE_FAMILY = "1,2";
				VALIDATE_PRODUCT = YES;
			};
			name = Release;
		};
		B75FE4261AF2077E00B2773E /* Debug */ = {
			isa = XCBuildConfiguration;
			baseConfigurationReference = BA9C9087B9564A8C2B46546D /* Pods-Twitter.debug.xcconfig */;
			buildSettings = {
				ASSETCATALOG_COMPILER_APPICON_NAME = AppIcon;
				CLANG_ENABLE_MODULES = YES;
				INFOPLIST_FILE = Twitter/Info.plist;
				LD_RUNPATH_SEARCH_PATHS = "$(inherited) @executable_path/Frameworks";
				PRODUCT_NAME = "$(TARGET_NAME)";
				SWIFT_OBJC_BRIDGING_HEADER = "Twitter/Twitter-Bridging-Header.h";
				SWIFT_OPTIMIZATION_LEVEL = "-Onone";
			};
			name = Debug;
		};
		B75FE4271AF2077E00B2773E /* Release */ = {
			isa = XCBuildConfiguration;
			baseConfigurationReference = 232A03FB937765BA379E4ACD /* Pods-Twitter.release.xcconfig */;
			buildSettings = {
				ASSETCATALOG_COMPILER_APPICON_NAME = AppIcon;
				CLANG_ENABLE_MODULES = YES;
				INFOPLIST_FILE = Twitter/Info.plist;
				LD_RUNPATH_SEARCH_PATHS = "$(inherited) @executable_path/Frameworks";
				PRODUCT_NAME = "$(TARGET_NAME)";
				SWIFT_OBJC_BRIDGING_HEADER = "Twitter/Twitter-Bridging-Header.h";
			};
			name = Release;
		};
		B75FE4291AF2077E00B2773E /* Debug */ = {
			isa = XCBuildConfiguration;
			buildSettings = {
				BUNDLE_LOADER = "$(TEST_HOST)";
				FRAMEWORK_SEARCH_PATHS = (
					"$(SDKROOT)/Developer/Library/Frameworks",
					"$(inherited)",
				);
				GCC_PREPROCESSOR_DEFINITIONS = (
					"DEBUG=1",
					"$(inherited)",
				);
				INFOPLIST_FILE = TwitterTests/Info.plist;
				LD_RUNPATH_SEARCH_PATHS = "$(inherited) @executable_path/Frameworks @loader_path/Frameworks";
				PRODUCT_NAME = "$(TARGET_NAME)";
				TEST_HOST = "$(BUILT_PRODUCTS_DIR)/Twitter.app/Twitter";
			};
			name = Debug;
		};
		B75FE42A1AF2077E00B2773E /* Release */ = {
			isa = XCBuildConfiguration;
			buildSettings = {
				BUNDLE_LOADER = "$(TEST_HOST)";
				FRAMEWORK_SEARCH_PATHS = (
					"$(SDKROOT)/Developer/Library/Frameworks",
					"$(inherited)",
				);
				INFOPLIST_FILE = TwitterTests/Info.plist;
				LD_RUNPATH_SEARCH_PATHS = "$(inherited) @executable_path/Frameworks @loader_path/Frameworks";
				PRODUCT_NAME = "$(TARGET_NAME)";
				TEST_HOST = "$(BUILT_PRODUCTS_DIR)/Twitter.app/Twitter";
			};
			name = Release;
		};
/* End XCBuildConfiguration section */

/* Begin XCConfigurationList section */
		B75FE4011AF2077E00B2773E /* Build configuration list for PBXProject "Twitter" */ = {
			isa = XCConfigurationList;
			buildConfigurations = (
				B75FE4231AF2077E00B2773E /* Debug */,
				B75FE4241AF2077E00B2773E /* Release */,
			);
			defaultConfigurationIsVisible = 0;
			defaultConfigurationName = Release;
		};
		B75FE4251AF2077E00B2773E /* Build configuration list for PBXNativeTarget "Twitter" */ = {
			isa = XCConfigurationList;
			buildConfigurations = (
				B75FE4261AF2077E00B2773E /* Debug */,
				B75FE4271AF2077E00B2773E /* Release */,
			);
			defaultConfigurationIsVisible = 0;
			defaultConfigurationName = Release;
		};
		B75FE4281AF2077E00B2773E /* Build configuration list for PBXNativeTarget "TwitterTests" */ = {
			isa = XCConfigurationList;
			buildConfigurations = (
				B75FE4291AF2077E00B2773E /* Debug */,
				B75FE42A1AF2077E00B2773E /* Release */,
			);
			defaultConfigurationIsVisible = 0;
			defaultConfigurationName = Release;
		};
/* End XCConfigurationList section */
	};
	rootObject = B75FE3FE1AF2077E00B2773E /* Project object */;
}
